
Microsoft Visual Studio Solution File, Format Version 12.00
# Visual Studio 14
VisualStudioVersion = 14.0.24720.0
MinimumVisualStudioVersion = 10.0.40219.1
Project("{FAE04EC0-301F-11D3-BF4B-00C04F79EFBC}") = "Apoio_Gerenciamento_Ativos", "Apoio_Gerenciamento_Ativos\Apoio_Gerenciamento_Ativos.csproj", "{64E92561-5EE1-4CAA-A0A3-F38A97E6D51D}"
EndProject
Global
	GlobalSection(SolutionConfigurationPlatforms) = preSolution
		Debug|Any CPU = Debug|Any CPU
		Release|Any CPU = Release|Any CPU
	EndGlobalSection
	GlobalSection(ProjectConfigurationPlatforms) = postSolution
		{64E92561-5EE1-4CAA-A0A3-F38A97E6D51D}.Debug|Any CPU.ActiveCfg = Debug|Any CPU
		{64E92561-5EE1-4CAA-A0A3-F38A97E6D51D}.Debug|Any CPU.Build.0 = Debug|Any CPU
		{64E92561-5EE1-4CAA-A0A3-F38A97E6D51D}.Release|Any CPU.ActiveCfg = Release|Any CPU
		{64E92561-5EE1-4CAA-A0A3-F38A97E6D51D}.Release|Any CPU.Build.0 = Release|Any CPU
	EndGlobalSection
	GlobalSection(SolutionProperties) = preSolution
		HideSolutionNode = FALSE
	EndGlobalSection
EndGlobal
